// !$*UTF8*$!
{
	archiveVersion = 1;
	classes = {
	};
	objectVersion = 56;
	objects = {

/* Begin PBXBuildFile section */
		1A000001293AB0F000000000 /* PhotoManagerApp.swift in Sources */ = {isa = PBXBuildFile; fileRef = 1A000000293AB0F000000000 /* PhotoManagerApp.swift */; };
		1A000003293AB0F000000000 /* ContentView.swift in Sources */ = {isa = PBXBuildFile; fileRef = 1A000002293AB0F000000000 /* ContentView.swift */; };
		1A000005293AB0F200000000 /* Assets.xcassets in Resources */ = {isa = PBXBuildFile; fileRef = 1A000004293AB0F200000000 /* Assets.xcassets */; };
		1A000008293AB0F200000000 /* Preview Assets.xcassets in Resources */ = {isa = PBXBuildFile; fileRef = 1A000007293AB0F200000000 /* Preview Assets.xcassets */; };
		1A000010293AB11000000000 /* DatabaseModels.swift in Sources */ = {isa = PBXBuildFile; fileRef = 1A00000F293AB11000000000 /* DatabaseModels.swift */; };
		1A000012293AB11000000000 /* DatabaseManager.swift in Sources */ = {isa = PBXBuildFile; fileRef = 1A000011293AB11000000000 /* DatabaseManager.swift */; };
		1A000014293AB11000000000 /* FileScanningService.swift in Sources */ = {isa = PBXBuildFile; fileRef = 1A000013293AB11000000000 /* FileScanningService.swift */; };
		1A000016293AB11000000000 /* ThumbnailService.swift in Sources */ = {isa = PBXBuildFile; fileRef = 1A000015293AB11000000000 /* ThumbnailService.swift */; };
		1A000018293AB11000000000 /* PhotoLibrary.swift in Sources */ = {isa = PBXBuildFile; fileRef = 1A000017293AB11000000000 /* PhotoLibrary.swift */; };
		1A00001A293AB11000000000 /* DirectorySidebarView.swift in Sources */ = {isa = PBXBuildFile; fileRef = 1A000019293AB11000000000 /* DirectorySidebarView.swift */; };
		1A00001C293AB11000000000 /* TimelineSidebarView.swift in Sources */ = {isa = PBXBuildFile; fileRef = 1A00001B293AB11000000000 /* TimelineSidebarView.swift */; };
		1A00001E293AB11000000000 /* DuplicatesSidebarView.swift in Sources */ = {isa = PBXBuildFile; fileRef = 1A00001D293AB11000000000 /* DuplicatesSidebarView.swift */; };
		1A000020293AB11000000000 /* PhotoGridView.swift in Sources */ = {isa = PBXBuildFile; fileRef = 1A00001F293AB11000000000 /* PhotoGridView.swift */; };
		1A000022293AB11000000000 /* PhotoDetailView.swift in Sources */ = {isa = PBXBuildFile; fileRef = 1A000021293AB11000000000 /* PhotoDetailView.swift */; };
		1A000024293AB11000000000 /* SettingsView.swift in Sources */ = {isa = PBXBuildFile; fileRef = 1A000023293AB11000000000 /* SettingsView.swift */; };
		1A000026293AB14000000000 /* SQLite in Frameworks */ = {isa = PBXBuildFile; productRef = 1A000025293AB14000000000 /* SQLite */; };
		1A000028293AB15000000000 /* DatabaseDebugView.swift in Sources */ = {isa = PBXBuildFile; fileRef = 1A000027293AB15000000000 /* DatabaseDebugView.swift */; };
/* End PBXBuildFile section */

/* Begin PBXFileReference section */
		1A000000293AB0F000000000 /* PhotoManagerApp.swift */ = {isa = PBXFileReference; lastKnownFileType = sourcecode.swift; path = PhotoManagerApp.swift; sourceTree = "<group>"; };
		1A000002293AB0F000000000 /* ContentView.swift */ = {isa = PBXFileReference; lastKnownFileType = sourcecode.swift; path = ContentView.swift; sourceTree = "<group>"; };
		1A000004293AB0F200000000 /* Assets.xcassets */ = {isa = PBXFileReference; lastKnownFileType = folder.assetcatalog; path = Assets.xcassets; sourceTree = "<group>"; };
		1A000007293AB0F200000000 /* Preview Assets.xcassets */ = {isa = PBXFileReference; lastKnownFileType = folder.assetcatalog; path = "Preview Assets.xcassets"; sourceTree = "<group>"; };
		1A000009293AB0F200000000 /* PhotoManager.entitlements */ = {isa = PBXFileReference; lastKnownFileType = text.plist.entitlements; path = PhotoManager.entitlements; sourceTree = "<group>"; };
		1A00000F293AB11000000000 /* DatabaseModels.swift */ = {isa = PBXFileReference; lastKnownFileType = sourcecode.swift; path = DatabaseModels.swift; sourceTree = "<group>"; };
		1A000011293AB11000000000 /* DatabaseManager.swift */ = {isa = PBXFileReference; lastKnownFileType = sourcecode.swift; path = DatabaseManager.swift; sourceTree = "<group>"; };
		1A000013293AB11000000000 /* FileScanningService.swift */ = {isa = PBXFileReference; lastKnownFileType = sourcecode.swift; path = FileScanningService.swift; sourceTree = "<group>"; };
		1A000015293AB11000000000 /* ThumbnailService.swift */ = {isa = PBXFileReference; lastKnownFileType = sourcecode.swift; path = ThumbnailService.swift; sourceTree = "<group>"; };
		1A000017293AB11000000000 /* PhotoLibrary.swift */ = {isa = PBXFileReference; lastKnownFileType = sourcecode.swift; path = PhotoLibrary.swift; sourceTree = "<group>"; };
		1A000019293AB11000000000 /* DirectorySidebarView.swift */ = {isa = PBXFileReference; lastKnownFileType = sourcecode.swift; path = DirectorySidebarView.swift; sourceTree = "<group>"; };
		1A00001B293AB11000000000 /* TimelineSidebarView.swift */ = {isa = PBXFileReference; lastKnownFileType = sourcecode.swift; path = TimelineSidebarView.swift; sourceTree = "<group>"; };
		1A00001D293AB11000000000 /* DuplicatesSidebarView.swift */ = {isa = PBXFileReference; lastKnownFileType = sourcecode.swift; path = DuplicatesSidebarView.swift; sourceTree = "<group>"; };
		1A00001F293AB11000000000 /* PhotoGridView.swift */ = {isa = PBXFileReference; lastKnownFileType = sourcecode.swift; path = PhotoGridView.swift; sourceTree = "<group>"; };
		1A000021293AB11000000000 /* PhotoDetailView.swift */ = {isa = PBXFileReference; lastKnownFileType = sourcecode.swift; path = PhotoDetailView.swift; sourceTree = "<group>"; };
		1A000023293AB11000000000 /* SettingsView.swift */ = {isa = PBXFileReference; lastKnownFileType = sourcecode.swift; path = SettingsView.swift; sourceTree = "<group>"; };
		1A000027293AB15000000000 /* DatabaseDebugView.swift */ = {isa = PBXFileReference; lastKnownFileType = sourcecode.swift; path = DatabaseDebugView.swift; sourceTree = "<group>"; };
		1A0000FD293AB0F000000000 /* PhotoManager.app */ = {isa = PBXFileReference; explicitFileType = wrapper.application; includeInIndex = 0; path = PhotoManager.app; sourceTree = BUILT_PRODUCTS_DIR; };
/* End PBXFileReference section */

/* Begin PBXFrameworksBuildPhase section */
		1A0000FA293AB0F000000000 /* Frameworks */ = {
			isa = PBXFrameworksBuildPhase;
			buildActionMask = 2147483647;
			files = (
				1A000026293AB14000000000 /* SQLite in Frameworks */,
			);
			runOnlyForDeploymentPostprocessing = 0;
		};
/* End PBXFrameworksBuildPhase section */

/* Begin PBXGroup section */
		1A000006293AB0F200000000 /* Preview Content */ = {
			isa = PBXGroup;
			children = (
				1A000007293AB0F200000000 /* Preview Assets.xcassets */,
			);
			path = "Preview Content";
			sourceTree = "<group>";
		};
		1A00000E293AB10000000000 /* Models */ = {
			isa = PBXGroup;
			children = (
				1A00000F293AB11000000000 /* DatabaseModels.swift */,
			);
			path = Models;
			sourceTree = "<group>";
		};
		1A000010293AB10000000000 /* Services */ = {
			isa = PBXGroup;
			children = (
				1A000011293AB11000000000 /* DatabaseManager.swift */,
				1A000013293AB11000000000 /* FileScanningService.swift */,
				1A000015293AB11000000000 /* ThumbnailService.swift */,
				1A000017293AB11000000000 /* PhotoLibrary.swift */,
			);
			path = Services;
			sourceTree = "<group>";
		};
		1A000018293AB10000000000 /* Views */ = {
			isa = PBXGroup;
			children = (
				1A000019293AB11000000000 /* DirectorySidebarView.swift */,
				1A00001B293AB11000000000 /* TimelineSidebarView.swift */,
				1A00001D293AB11000000000 /* DuplicatesSidebarView.swift */,
				1A00001F293AB11000000000 /* PhotoGridView.swift */,
				1A000021293AB11000000000 /* PhotoDetailView.swift */,
				1A000023293AB11000000000 /* SettingsView.swift */,
				1A000027293AB15000000000 /* DatabaseDebugView.swift */,
			);
			path = Views;
			sourceTree = "<group>";
		};
		1A0000F4293AB0F000000000 = {
			isa = PBXGroup;
			children = (
				1A0000FF293AB0F000000000 /* PhotoManager */,
				1A0000FE293AB0F000000000 /* Products */,
			);
			sourceTree = "<group>";
		};
		1A0000FE293AB0F000000000 /* Products */ = {
			isa = PBXGroup;
			children = (
				1A0000FD293AB0F000000000 /* PhotoManager.app */,
			);
			name = Products;
			sourceTree = "<group>";
		};
		1A0000FF293AB0F000000000 /* PhotoManager */ = {
			isa = PBXGroup;
			children = (
				1A000000293AB0F000000000 /* PhotoManagerApp.swift */,
				1A00000E293AB10000000000 /* Models */,
				1A000010293AB10000000000 /* Services */,
				1A000018293AB10000000000 /* Views */,
				1A000002293AB0F000000000 /* ContentView.swift */,
				1A000004293AB0F200000000 /* Assets.xcassets */,
				1A000009293AB0F200000000 /* PhotoManager.entitlements */,
				1A000006293AB0F200000000 /* Preview Content */,
			);
			path = PhotoManager;
			sourceTree = "<group>";
		};
/* End PBXGroup section */

/* Begin PBXNativeTarget section */
		1A0000FC293AB0F000000000 /* PhotoManager */ = {
			isa = PBXNativeTarget;
			buildConfigurationList = 1A00000C293AB0F200000000 /* Build configuration list for PBXNativeTarget "PhotoManager" */;
			buildPhases = (
				1A0000F9293AB0F000000000 /* Sources */,
				1A0000FA293AB0F000000000 /* Frameworks */,
				1A0000FB293AB0F000000000 /* Resources */,
			);
			buildRules = (
			);
			dependencies = (
			);
			name = PhotoManager;
			packageProductDependencies = (
				1A000025293AB14000000000 /* SQLite */,
			);
			productName = PhotoManager;
			productReference = 1A0000FD293AB0F000000000 /* PhotoManager.app */;
			productType = "com.apple.product-type.application";
		};
/* End PBXNativeTarget section */

/* Begin PBXProject section */
		1A0000F5293AB0F000000000 /* Project object */ = {
			isa = PBXProject;
			attributes = {
				BuildIndependentTargetsInParallel = 1;
				LastSwiftUpdateCheck = 1500;
				LastUpgradeCheck = 1500;
				TargetAttributes = {
					1A0000FC293AB0F000000000 = {
						CreatedOnToolsVersion = 15.0;
					};
				};
			};
			buildConfigurationList = 1A0000F8293AB0F000000000 /* Build configuration list for PBXProject "PhotoManager" */;
			compatibilityVersion = "Xcode 14.0";
			developmentRegion = en;
			hasScannedForEncodings = 0;
			knownRegions = (
				en,
				Base,
			);
			mainGroup = 1A0000F4293AB0F000000000;
			packageReferences = (
				1A000024293AB13000000000 /* XCRemoteSwiftPackageReference "SQLite.swift" */,
			);
			productRefGroup = 1A0000FE293AB0F000000000 /* Products */;
			projectDirPath = "";
			projectRoot = "";
			targets = (
				1A0000FC293AB0F000000000 /* PhotoManager */,
			);
		};
/* End PBXProject section */

/* Begin PBXResourcesBuildPhase section */
		1A0000FB293AB0F000000000 /* Resources */ = {
			isa = PBXResourcesBuildPhase;
			buildActionMask = 2147483647;
			files = (
				1A000008293AB0F200000000 /* Preview Assets.xcassets in Resources */,
				1A000005293AB0F200000000 /* Assets.xcassets in Resources */,
			);
			runOnlyForDeploymentPostprocessing = 0;
		};
/* End PBXResourcesBuildPhase section */

/* Begin PBXSourcesBuildPhase section */
		1A0000F9293AB0F000000000 /* Sources */ = {
			isa = PBXSourcesBuildPhase;
			buildActionMask = 2147483647;
			files = (
				1A000010293AB11000000000 /* DatabaseModels.swift in Sources */,
				1A000012293AB11000000000 /* DatabaseManager.swift in Sources */,
				1A000014293AB11000000000 /* FileScanningService.swift in Sources */,
				1A000016293AB11000000000 /* ThumbnailService.swift in Sources */,
				1A000018293AB11000000000 /* PhotoLibrary.swift in Sources */,
				1A00001A293AB11000000000 /* DirectorySidebarView.swift in Sources */,
				1A00001C293AB11000000000 /* TimelineSidebarView.swift in Sources */,
				1A00001E293AB11000000000 /* DuplicatesSidebarView.swift in Sources */,
				1A000020293AB11000000000 /* PhotoGridView.swift in Sources */,
				1A000022293AB11000000000 /* PhotoDetailView.swift in Sources */,
				1A000024293AB11000000000 /* SettingsView.swift in Sources */,
				1A000028293AB15000000000 /* DatabaseDebugView.swift in Sources */,
				1A000003293AB0F000000000 /* ContentView.swift in Sources */,
				1A000001293AB0F000000000 /* PhotoManagerApp.swift in Sources */,
			);
			runOnlyForDeploymentPostprocessing = 0;
		};
/* End PBXSourcesBuildPhase section */

/* Begin XCBuildConfiguration section */
		1A00000A293AB0F200000000 /* Debug */ = {
			isa = XCBuildConfiguration;
			buildSettings = {
				ALWAYS_SEARCH_USER_PATHS = NO;
				ASSETCATALOG_COMPILER_GENERATE_SWIFT_ASSET_SYMBOL_EXTENSIONS = YES;
				CLANG_ANALYZER_NONNULL = YES;
				CLANG_ANALYZER_NUMBER_OBJECT_CONVERSION = YES_AGGRESSIVE;
				CLANG_CXX_LANGUAGE_STANDARD = "gnu++20";
				CLANG_ENABLE_MODULES = YES;
				CLANG_ENABLE_OBJC_ARC = YES;
				CLANG_ENABLE_OBJC_WEAK = YES;
				CLANG_WARN_BLOCK_CAPTURE_AUTORELEASING = YES;
				CLANG_WARN_BOOL_CONVERSION = YES;
				CLANG_WARN_COMMA = YES;
				CLANG_WARN_CONSTANT_CONVERSION = YES;
				CLANG_WARN_DEPRECATED_OBJC_IMPLEMENTATIONS = YES;
				CLANG_WARN_DIRECT_OBJC_ISA_USAGE = YES_ERROR;
				CLANG_WARN_DOCUMENTATION_COMMENTS = YES;
				CLANG_WARN_EMPTY_BODY = YES;
				CLANG_WARN_ENUM_CONVERSION = YES;
				CLANG_WARN_INFINITE_RECURSION = YES;
				CLANG_WARN_INT_CONVERSION = YES;
				CLANG_WARN_NON_LITERAL_NULL_CONVERSION = YES;
				CLANG_WARN_OBJC_IMPLICIT_RETAIN_SELF = YES;
				CLANG_WARN_OBJC_LITERAL_CONVERSION = YES;
				CLANG_WARN_OBJC_ROOT_CLASS = YES_ERROR;
				CLANG_WARN_QUOTED_INCLUDE_IN_FRAMEWORK_HEADER = YES;
				CLANG_WARN_RANGE_LOOP_ANALYSIS = YES;
				CLANG_WARN_STRICT_PROTOTYPES = YES;
				CLANG_WARN_SUSPICIOUS_MOVE = YES;
				CLANG_WARN_UNGUARDED_AVAILABILITY = YES_AGGRESSIVE;
				CLANG_WARN_UNREACHABLE_CODE = YES;
				CLANG_WARN__DUPLICATE_METHOD_MATCH = YES;
				COPY_PHASE_STRIP = NO;
				DEBUG_INFORMATION_FORMAT = dwarf;
				ENABLE_STRICT_OBJC_MSGSEND = YES;
				ENABLE_TESTABILITY = YES;
				ENABLE_USER_SCRIPT_SANDBOXING = YES;
				GCC_C_LANGUAGE_STANDARD = gnu17;
				GCC_DYNAMIC_NO_PIC = NO;
				GCC_NO_COMMON_BLOCKS = YES;
				GCC_OPTIMIZATION_LEVEL = 0;
				GCC_PREPROCESSOR_DEFINITIONS = (
					"DEBUG=1",
					"$(inherited)",
				);
				GCC_WARN_64_TO_32_BIT_CONVERSION = YES;
				GCC_WARN_ABOUT_RETURN_TYPE = YES_ERROR;
				GCC_WARN_UNDECLARED_SELECTOR = YES;
				GCC_WARN_UNINITIALIZED_AUTOS = YES_AGGRESSIVE;
				GCC_WARN_UNUSED_FUNCTION = YES;
				GCC_WARN_UNUSED_VARIABLE = YES;
				LOCALIZATION_PREFERS_STRING_CATALOGS = YES;
				MACOSX_DEPLOYMENT_TARGET = 15.0;
				MTL_ENABLE_DEBUG_INFO = INCLUDE_SOURCE;
				MTL_FAST_MATH = YES;
				ONLY_ACTIVE_ARCH = YES;
				SDKROOT = macosx;
				SWIFT_ACTIVE_COMPILATION_CONDITIONS = "DEBUG $(inherited)";
				SWIFT_OPTIMIZATION_LEVEL = "-Onone";
			};
			name = Debug;
		};
		1A00000B293AB0F200000000 /* Release */ = {
			isa = XCBuildConfiguration;
			buildSettings = {
				ALWAYS_SEARCH_USER_PATHS = NO;
				ASSETCATALOG_COMPILER_GENERATE_SWIFT_ASSET_SYMBOL_EXTENSIONS = YES;
				CLANG_ANALYZER_NONNULL = YES;
				CLANG_ANALYZER_NUMBER_OBJECT_CONVERSION = YES_AGGRESSIVE;
				CLANG_CXX_LANGUAGE_STANDARD = "gnu++20";
				CLANG_ENABLE_MODULES = YES;
				CLANG_ENABLE_OBJC_ARC = YES;
				CLANG_ENABLE_OBJC_WEAK = YES;
				CLANG_WARN_BLOCK_CAPTURE_AUTORELEASING = YES;
				CLANG_WARN_BOOL_CONVERSION = YES;
				CLANG_WARN_COMMA = YES;
				CLANG_WARN_CONSTANT_CONVERSION = YES;
				CLANG_WARN_DEPRECATED_OBJC_IMPLEMENTATIONS = YES;
				CLANG_WARN_DIRECT_OBJC_ISA_USAGE = YES_ERROR;
				CLANG_WARN_DOCUMENTATION_COMMENTS = YES;
				CLANG_WARN_EMPTY_BODY = YES;
				CLANG_WARN_ENUM_CONVERSION = YES;
				CLANG_WARN_INFINITE_RECURSION = YES;
				CLANG_WARN_INT_CONVERSION = YES;
				CLANG_WARN_NON_LITERAL_NULL_CONVERSION = YES;
				CLANG_WARN_OBJC_IMPLICIT_RETAIN_SELF = YES;
				CLANG_WARN_OBJC_LITERAL_CONVERSION = YES;
				CLANG_WARN_OBJC_ROOT_CLASS = YES_ERROR;
				CLANG_WARN_QUOTED_INCLUDE_IN_FRAMEWORK_HEADER = YES;
				CLANG_WARN_RANGE_LOOP_ANALYSIS = YES;
				CLANG_WARN_STRICT_PROTOTYPES = YES;
				CLANG_WARN_SUSPICIOUS_MOVE = YES;
				CLANG_WARN_UNGUARDED_AVAILABILITY = YES_AGGRESSIVE;
				CLANG_WARN_UNREACHABLE_CODE = YES;
				CLANG_WARN__DUPLICATE_METHOD_MATCH = YES;
				COPY_PHASE_STRIP = NO;
				DEBUG_INFORMATION_FORMAT = "dwarf-with-dsym";
				ENABLE_NS_ASSERTIONS = NO;
				ENABLE_STRICT_OBJC_MSGSEND = YES;
				ENABLE_USER_SCRIPT_SANDBOXING = YES;
				GCC_C_LANGUAGE_STANDARD = gnu17;
				GCC_NO_COMMON_BLOCKS = YES;
				GCC_WARN_64_TO_32_BIT_CONVERSION = YES;
				GCC_WARN_ABOUT_RETURN_TYPE = YES_ERROR;
				GCC_WARN_UNDECLARED_SELECTOR = YES;
				GCC_WARN_UNINITIALIZED_AUTOS = YES_AGGRESSIVE;
				GCC_WARN_UNUSED_FUNCTION = YES;
				GCC_WARN_UNUSED_VARIABLE = YES;
				LOCALIZATION_PREFERS_STRING_CATALOGS = YES;
				MACOSX_DEPLOYMENT_TARGET = 15.0;
				MTL_ENABLE_DEBUG_INFO = NO;
				MTL_FAST_MATH = YES;
				SDKROOT = macosx;
				SWIFT_COMPILATION_MODE = wholemodule;
			};
			name = Release;
		};
		1A00000D293AB0F200000000 /* Debug */ = {
			isa = XCBuildConfiguration;
			buildSettings = {
				ASSETCATALOG_COMPILER_APPICON_NAME = AppIcon;
				ASSETCATALOG_COMPILER_GLOBAL_ACCENT_COLOR_NAME = AccentColor;
				CODE_SIGN_ENTITLEMENTS = PhotoManager/PhotoManager.entitlements;
				CODE_SIGN_STYLE = Automatic;
				COMBINE_HIDPI_IMAGES = YES;
				CURRENT_PROJECT_VERSION = 1;
				DEVELOPMENT_ASSET_PATHS = "\"PhotoManager/Preview Content\"";
				ENABLE_PREVIEWS = YES;
				GENERATE_INFOPLIST_FILE = YES;
				INFOPLIST_KEY_NSHumanReadableCopyright = "";
				LD_RUNPATH_SEARCH_PATHS = (
					"$(inherited)",
					"@executable_path/../Frameworks",
				);
				MARKETING_VERSION = 1.0;
				PRODUCT_BUNDLE_IDENTIFIER = com.example.PhotoManager;
				PRODUCT_NAME = "$(TARGET_NAME)";
				SWIFT_EMIT_LOC_STRINGS = YES;
				SWIFT_VERSION = 5.0;
			};
			name = Debug;
		};
		1A00000E293AB0F200000000 /* Release */ = {
			isa = XCBuildConfiguration;
			buildSettings = {
				ASSETCATALOG_COMPILER_APPICON_NAME = AppIcon;
				ASSETCATALOG_COMPILER_GLOBAL_ACCENT_COLOR_NAME = AccentColor;
				CODE_SIGN_ENTITLEMENTS = PhotoManager/PhotoManager.entitlements;
				CODE_SIGN_STYLE = Automatic;
				COMBINE_HIDPI_IMAGES = YES;
				CURRENT_PROJECT_VERSION = 1;
				DEVELOPMENT_ASSET_PATHS = "\"PhotoManager/Preview Content\"";
				ENABLE_PREVIEWS = YES;
				GENERATE_INFOPLIST_FILE = YES;
				INFOPLIST_KEY_NSHumanReadableCopyright = "";
				LD_RUNPATH_SEARCH_PATHS = (
					"$(inherited)",
					"@executable_path/../Frameworks",
				);
				MARKETING_VERSION = 1.0;
				PRODUCT_BUNDLE_IDENTIFIER = com.example.PhotoManager;
				PRODUCT_NAME = "$(TARGET_NAME)";
				SWIFT_EMIT_LOC_STRINGS = YES;
				SWIFT_VERSION = 5.0;
			};
			name = Release;
		};
/* End XCBuildConfiguration section */

/* Begin XCConfigurationList section */
		1A00000C293AB0F200000000 /* Build configuration list for PBXNativeTarget "PhotoManager" */ = {
			isa = XCConfigurationList;
			buildConfigurations = (
				1A00000D293AB0F200000000 /* Debug */,
				1A00000E293AB0F200000000 /* Release */,
			);
			defaultConfigurationIsVisible = 0;
			defaultConfigurationName = Release;
		};
		1A0000F8293AB0F000000000 /* Build configuration list for PBXProject "PhotoManager" */ = {
			isa = XCConfigurationList;
			buildConfigurations = (
				1A00000A293AB0F200000000 /* Debug */,
				1A00000B293AB0F200000000 /* Release */,
			);
			defaultConfigurationIsVisible = 0;
			defaultConfigurationName = Release;
		};
/* End XCConfigurationList section */

/* Begin XCRemoteSwiftPackageReference section */
		1A000024293AB13000000000 /* XCRemoteSwiftPackageReference "SQLite.swift" */ = {
			isa = XCRemoteSwiftPackageReference;
			repositoryURL = "https://github.com/stephencelis/SQLite.swift.git";
			requirement = {
				kind = upToNextMajorVersion;
				minimumVersion = 0.15.3;
			};
		};
/* End XCRemoteSwiftPackageReference section */

/* Begin XCSwiftPackageProductDependency section */
		1A000025293AB14000000000 /* SQLite */ = {
			isa = XCSwiftPackageProductDependency;
			package = 1A000024293AB13000000000 /* XCRemoteSwiftPackageReference "SQLite.swift" */;
			productName = SQLite;
		};
/* End XCSwiftPackageProductDependency section */
	};
	rootObject = 1A0000F5293AB0F000000000 /* Project object */;
}
